
Microsoft Visual Studio Solution File, Format Version 12.00
# Visual Studio Version 17
VisualStudioVersion = 17.0.31903.59
MinimumVisualStudioVersion = 10.0.40219.1
Project("{2150E333-8FDC-42A3-9474-1A3956D46DE8}") = "Api", "Api", "{4981A867-5F31-4961-90E8-D3DBF89C16CE}"
EndProject
Project("{FAE04EC0-301F-11D3-BF4B-00C04F79EFBC}") = "UrlShortener.Api", "Api\UrlShortener.Api.csproj", "{8407A08F-BB6F-4C15-A023-EBBB83531893}"
EndProject
Global
	GlobalSection(SolutionConfigurationPlatforms) = preSolution
		Debug|Any CPU = Debug|Any CPU
		Release|Any CPU = Release|Any CPU
	EndGlobalSection
	GlobalSection(ProjectConfigurationPlatforms) = postSolution
		{8407A08F-BB6F-4C15-A023-EBBB83531893}.Debug|Any CPU.ActiveCfg = Debug|Any CPU
		{8407A08F-BB6F-4C15-A023-EBBB83531893}.Debug|Any CPU.Build.0 = Debug|Any CPU
		{8407A08F-BB6F-4C15-A023-EBBB83531893}.Release|Any CPU.ActiveCfg = Release|Any CPU
		{8407A08F-BB6F-4C15-A023-EBBB83531893}.Release|Any CPU.Build.0 = Release|Any CPU
	EndGlobalSection
	GlobalSection(SolutionProperties) = preSolution
		HideSolutionNode = FALSE
	EndGlobalSection
	GlobalSection(NestedProjects) = preSolution
		{8407A08F-BB6F-4C15-A023-EBBB83531893} = {4981A867-5F31-4961-90E8-D3DBF89C16CE}
	EndGlobalSection
EndGlobal
